
Microsoft Visual Studio Solution File, Format Version 12.00
# Visual Studio Version 17
VisualStudioVersion = 17.1.32319.34
MinimumVisualStudioVersion = 10.0.40219.1
Project("{FAE04EC0-301F-11D3-BF4B-00C04F79EFBC}") = "BrazilModels", "src\BrazilModels.csproj", "{143B8D92-AE6B-486A-90B7-117F38F63C88}"
EndProject
Project("{2150E333-8FDC-42A3-9474-1A3956D46DE8}") = "tests", "tests", "{18DDE0D0-38EA-4936-8AD2-03ED44A38053}"
EndProject
Project("{2150E333-8FDC-42A3-9474-1A3956D46DE8}") = "src", "src", "{0BAC928C-339F-4FB4-A854-386C901B6B0F}"
EndProject
Project("{FAE04EC0-301F-11D3-BF4B-00C04F79EFBC}") = "BrazilModels.Tests", "tests\BrazilModels.Tests\BrazilModels.Tests.csproj", "{E54ABC87-5074-4EE7-A220-53E46986428A}"
EndProject
Project("{FAE04EC0-301F-11D3-BF4B-00C04F79EFBC}") = "_build", "build\_build.csproj", "{6492F1AE-1F55-410A-8052-EBC1572FCD0B}"
EndProject
Global
	GlobalSection(SolutionConfigurationPlatforms) = preSolution
		Debug|Any CPU = Debug|Any CPU
		Release|Any CPU = Release|Any CPU
	EndGlobalSection
	GlobalSection(ProjectConfigurationPlatforms) = postSolution
		{143B8D92-AE6B-486A-90B7-117F38F63C88}.Debug|Any CPU.ActiveCfg = Debug|Any CPU
		{143B8D92-AE6B-486A-90B7-117F38F63C88}.Debug|Any CPU.Build.0 = Debug|Any CPU
		{143B8D92-AE6B-486A-90B7-117F38F63C88}.Release|Any CPU.ActiveCfg = Release|Any CPU
		{143B8D92-AE6B-486A-90B7-117F38F63C88}.Release|Any CPU.Build.0 = Release|Any CPU
		{E54ABC87-5074-4EE7-A220-53E46986428A}.Debug|Any CPU.ActiveCfg = Debug|Any CPU
		{E54ABC87-5074-4EE7-A220-53E46986428A}.Debug|Any CPU.Build.0 = Debug|Any CPU
		{E54ABC87-5074-4EE7-A220-53E46986428A}.Release|Any CPU.ActiveCfg = Release|Any CPU
		{E54ABC87-5074-4EE7-A220-53E46986428A}.Release|Any CPU.Build.0 = Release|Any CPU
		{6492F1AE-1F55-410A-8052-EBC1572FCD0B}.Debug|Any CPU.ActiveCfg = Debug|Any CPU
		{6492F1AE-1F55-410A-8052-EBC1572FCD0B}.Release|Any CPU.ActiveCfg = Release|Any CPU
	EndGlobalSection
	GlobalSection(SolutionProperties) = preSolution
		HideSolutionNode = FALSE
	EndGlobalSection
	GlobalSection(ExtensibilityGlobals) = postSolution
		SolutionGuid = {1625C61F-4277-478F-A878-EE4D075AFC3F}
	EndGlobalSection
	GlobalSection(NestedProjects) = preSolution
		{143B8D92-AE6B-486A-90B7-117F38F63C88} = {0BAC928C-339F-4FB4-A854-386C901B6B0F}
		{E54ABC87-5074-4EE7-A220-53E46986428A} = {18DDE0D0-38EA-4936-8AD2-03ED44A38053}
	EndGlobalSection
EndGlobal
